
Microsoft Visual Studio Solution File, Format Version 12.00
# Visual Studio Version 16
VisualStudioVersion = 16.0.31410.357
MinimumVisualStudioVersion = 10.0.40219.1
Project("{FAE04EC0-301F-11D3-BF4B-00C04F79EFBC}") = "ConsoWebApiAsp", "ConsoWebApiAsp\ConsoWebApiAsp.csproj", "{C81C71B3-71AE-4EFA-A631-3FE54EF0A258}"
EndProject
Project("{FAE04EC0-301F-11D3-BF4B-00C04F79EFBC}") = "WebApiDAL", "WebApiDAL\WebApiDAL.csproj", "{C36177F7-36BA-4E20-8F26-67FBD7F75342}"
EndProject
Global
	GlobalSection(SolutionConfigurationPlatforms) = preSolution
		Debug|Any CPU = Debug|Any CPU
		Release|Any CPU = Release|Any CPU
	EndGlobalSection
	GlobalSection(ProjectConfigurationPlatforms) = postSolution
		{C81C71B3-71AE-4EFA-A631-3FE54EF0A258}.Debug|Any CPU.ActiveCfg = Debug|Any CPU
		{C81C71B3-71AE-4EFA-A631-3FE54EF0A258}.Debug|Any CPU.Build.0 = Debug|Any CPU
		{C81C71B3-71AE-4EFA-A631-3FE54EF0A258}.Release|Any CPU.ActiveCfg = Release|Any CPU
		{C81C71B3-71AE-4EFA-A631-3FE54EF0A258}.Release|Any CPU.Build.0 = Release|Any CPU
		{C36177F7-36BA-4E20-8F26-67FBD7F75342}.Debug|Any CPU.ActiveCfg = Debug|Any CPU
		{C36177F7-36BA-4E20-8F26-67FBD7F75342}.Debug|Any CPU.Build.0 = Debug|Any CPU
		{C36177F7-36BA-4E20-8F26-67FBD7F75342}.Release|Any CPU.ActiveCfg = Release|Any CPU
		{C36177F7-36BA-4E20-8F26-67FBD7F75342}.Release|Any CPU.Build.0 = Release|Any CPU
	EndGlobalSection
	GlobalSection(SolutionProperties) = preSolution
		HideSolutionNode = FALSE
	EndGlobalSection
	GlobalSection(ExtensibilityGlobals) = postSolution
		SolutionGuid = {38FE0776-D998-47A3-BB36-AA1E0108CCEF}
	EndGlobalSection
EndGlobal
